// !$*UTF8*$!
{
	archiveVersion = 1;
	classes = {
	};
	objectVersion = 56;
	objects = {

/* Begin PBXBuildFile section */
		37C4DD062AEFA0BD0054CB84 /* AppDelegate.swift in Sources */ = {isa = PBXBuildFile; fileRef = 37C4DD052AEFA0BD0054CB84 /* AppDelegate.swift */; };
		37C4DD082AEFA0BD0054CB84 /* SceneDelegate.swift in Sources */ = {isa = PBXBuildFile; fileRef = 37C4DD072AEFA0BD0054CB84 /* SceneDelegate.swift */; };
		37C4DD0A2AEFA0BD0054CB84 /* ViewController.swift in Sources */ = {isa = PBXBuildFile; fileRef = 37C4DD092AEFA0BD0054CB84 /* ViewController.swift */; };
		37C4DD0F2AEFA0C00054CB84 /* Assets.xcassets in Resources */ = {isa = PBXBuildFile; fileRef = 37C4DD0E2AEFA0C00054CB84 /* Assets.xcassets */; };
		37C4DD122AEFA0C00054CB84 /* LaunchScreen.storyboard in Resources */ = {isa = PBXBuildFile; fileRef = 37C4DD102AEFA0C00054CB84 /* LaunchScreen.storyboard */; };
		37C4DD1A2AEFA1A30054CB84 /* Constants.swift in Sources */ = {isa = PBXBuildFile; fileRef = 37C4DD192AEFA1A30054CB84 /* Constants.swift */; };
		37C4DD1E2AEFA65E0054CB84 /* PlantsViewController.swift in Sources */ = {isa = PBXBuildFile; fileRef = 37C4DD1D2AEFA65E0054CB84 /* PlantsViewController.swift */; };
		37C4DD252AEFA7770054CB84 /* RxCocoa in Frameworks */ = {isa = PBXBuildFile; productRef = 37C4DD242AEFA7770054CB84 /* RxCocoa */; };
		37C4DD292AEFA7770054CB84 /* RxRelay in Frameworks */ = {isa = PBXBuildFile; productRef = 37C4DD282AEFA7770054CB84 /* RxRelay */; };
		37C4DD2D2AEFA7770054CB84 /* RxSwift in Frameworks */ = {isa = PBXBuildFile; productRef = 37C4DD2C2AEFA7770054CB84 /* RxSwift */; };
		37C4DD362AEFA78C0054CB84 /* SnapKit in Frameworks */ = {isa = PBXBuildFile; productRef = 37C4DD352AEFA78C0054CB84 /* SnapKit */; };
		37C4DD3B2AEFA7A50054CB84 /* Alamofire in Frameworks */ = {isa = PBXBuildFile; productRef = 37C4DD3A2AEFA7A50054CB84 /* Alamofire */; };
		37C4DD3F2AEFA9520054CB84 /* PlantTableViewCell.swift in Sources */ = {isa = PBXBuildFile; fileRef = 37C4DD3E2AEFA9520054CB84 /* PlantTableViewCell.swift */; };
		37C4DD442AEFC8010054CB84 /* PlantServices.swift in Sources */ = {isa = PBXBuildFile; fileRef = 37C4DD432AEFC8010054CB84 /* PlantServices.swift */; };
		37C4DD462AEFC8500054CB84 /* PlantResponse.swift in Sources */ = {isa = PBXBuildFile; fileRef = 37C4DD452AEFC8500054CB84 /* PlantResponse.swift */; };
/* End PBXBuildFile section */

/* Begin PBXFileReference section */
		37C4DD022AEFA0BD0054CB84 /* 5_PlantsAPI.app */ = {isa = PBXFileReference; explicitFileType = wrapper.application; includeInIndex = 0; path = 5_PlantsAPI.app; sourceTree = BUILT_PRODUCTS_DIR; };
		37C4DD052AEFA0BD0054CB84 /* AppDelegate.swift */ = {isa = PBXFileReference; lastKnownFileType = sourcecode.swift; path = AppDelegate.swift; sourceTree = "<group>"; };
		37C4DD072AEFA0BD0054CB84 /* SceneDelegate.swift */ = {isa = PBXFileReference; lastKnownFileType = sourcecode.swift; path = SceneDelegate.swift; sourceTree = "<group>"; };
		37C4DD092AEFA0BD0054CB84 /* ViewController.swift */ = {isa = PBXFileReference; lastKnownFileType = sourcecode.swift; path = ViewController.swift; sourceTree = "<group>"; };
		37C4DD0E2AEFA0C00054CB84 /* Assets.xcassets */ = {isa = PBXFileReference; lastKnownFileType = folder.assetcatalog; path = Assets.xcassets; sourceTree = "<group>"; };
		37C4DD112AEFA0C00054CB84 /* Base */ = {isa = PBXFileReference; lastKnownFileType = file.storyboard; name = Base; path = Base.lproj/LaunchScreen.storyboard; sourceTree = "<group>"; };
		37C4DD132AEFA0C00054CB84 /* Info.plist */ = {isa = PBXFileReference; lastKnownFileType = text.plist.xml; path = Info.plist; sourceTree = "<group>"; };
		37C4DD192AEFA1A30054CB84 /* Constants.swift */ = {isa = PBXFileReference; lastKnownFileType = sourcecode.swift; path = Constants.swift; sourceTree = "<group>"; };
		37C4DD1D2AEFA65E0054CB84 /* PlantsViewController.swift */ = {isa = PBXFileReference; lastKnownFileType = sourcecode.swift; path = PlantsViewController.swift; sourceTree = "<group>"; };
		37C4DD3E2AEFA9520054CB84 /* PlantTableViewCell.swift */ = {isa = PBXFileReference; lastKnownFileType = sourcecode.swift; path = PlantTableViewCell.swift; sourceTree = "<group>"; };
		37C4DD432AEFC8010054CB84 /* PlantServices.swift */ = {isa = PBXFileReference; lastKnownFileType = sourcecode.swift; path = PlantServices.swift; sourceTree = "<group>"; };
		37C4DD452AEFC8500054CB84 /* PlantResponse.swift */ = {isa = PBXFileReference; lastKnownFileType = sourcecode.swift; path = PlantResponse.swift; sourceTree = "<group>"; };
/* End PBXFileReference section */

/* Begin PBXFrameworksBuildPhase section */
		37C4DCFF2AEFA0BD0054CB84 /* Frameworks */ = {
			isa = PBXFrameworksBuildPhase;
			buildActionMask = 2147483647;
			files = (
				37C4DD292AEFA7770054CB84 /* RxRelay in Frameworks */,
				37C4DD252AEFA7770054CB84 /* RxCocoa in Frameworks */,
				37C4DD2D2AEFA7770054CB84 /* RxSwift in Frameworks */,
				37C4DD362AEFA78C0054CB84 /* SnapKit in Frameworks */,
				37C4DD3B2AEFA7A50054CB84 /* Alamofire in Frameworks */,
			);
			runOnlyForDeploymentPostprocessing = 0;
		};
/* End PBXFrameworksBuildPhase section */

/* Begin PBXGroup section */
		37C4DCF92AEFA0BD0054CB84 = {
			isa = PBXGroup;
			children = (
				37C4DD042AEFA0BD0054CB84 /* 5_PlantsAPI */,
				37C4DD032AEFA0BD0054CB84 /* Products */,
				37C4DD402AEFAE190054CB84 /* Frameworks */,
			);
			sourceTree = "<group>";
		};
		37C4DD032AEFA0BD0054CB84 /* Products */ = {
			isa = PBXGroup;
			children = (
				37C4DD022AEFA0BD0054CB84 /* 5_PlantsAPI.app */,
			);
			name = Products;
			sourceTree = "<group>";
		};
		37C4DD042AEFA0BD0054CB84 /* 5_PlantsAPI */ = {
			isa = PBXGroup;
			children = (
				37C4DD052AEFA0BD0054CB84 /* AppDelegate.swift */,
				37C4DD072AEFA0BD0054CB84 /* SceneDelegate.swift */,
				37C4DD092AEFA0BD0054CB84 /* ViewController.swift */,
				37C4DD0E2AEFA0C00054CB84 /* Assets.xcassets */,
				37C4DD102AEFA0C00054CB84 /* LaunchScreen.storyboard */,
				37C4DD132AEFA0C00054CB84 /* Info.plist */,
				37C4DD192AEFA1A30054CB84 /* Constants.swift */,
				37C4DD1D2AEFA65E0054CB84 /* PlantsViewController.swift */,
				37C4DD3E2AEFA9520054CB84 /* PlantTableViewCell.swift */,
				37C4DD432AEFC8010054CB84 /* PlantServices.swift */,
				37C4DD452AEFC8500054CB84 /* PlantResponse.swift */,
			);
			path = 5_PlantsAPI;
			sourceTree = "<group>";
		};
		37C4DD402AEFAE190054CB84 /* Frameworks */ = {
			isa = PBXGroup;
			children = (
			);
			name = Frameworks;
			sourceTree = "<group>";
		};
/* End PBXGroup section */

/* Begin PBXNativeTarget section */
		37C4DD012AEFA0BD0054CB84 /* 5_PlantsAPI */ = {
			isa = PBXNativeTarget;
			buildConfigurationList = 37C4DD162AEFA0C00054CB84 /* Build configuration list for PBXNativeTarget "5_PlantsAPI" */;
			buildPhases = (
				37C4DCFE2AEFA0BD0054CB84 /* Sources */,
				37C4DCFF2AEFA0BD0054CB84 /* Frameworks */,
				37C4DD002AEFA0BD0054CB84 /* Resources */,
			);
			buildRules = (
			);
			dependencies = (
			);
			name = 5_PlantsAPI;
			packageProductDependencies = (
				37C4DD242AEFA7770054CB84 /* RxCocoa */,
				37C4DD282AEFA7770054CB84 /* RxRelay */,
				37C4DD2C2AEFA7770054CB84 /* RxSwift */,
				37C4DD352AEFA78C0054CB84 /* SnapKit */,
				37C4DD3A2AEFA7A50054CB84 /* Alamofire */,
			);
			productName = 5_PlantsAPI;
			productReference = 37C4DD022AEFA0BD0054CB84 /* 5_PlantsAPI.app */;
			productType = "com.apple.product-type.application";
		};
/* End PBXNativeTarget section */

/* Begin PBXProject section */
		37C4DCFA2AEFA0BD0054CB84 /* Project object */ = {
			isa = PBXProject;
			attributes = {
				BuildIndependentTargetsInParallel = 1;
				LastSwiftUpdateCheck = 1500;
				LastUpgradeCheck = 1500;
				TargetAttributes = {
					37C4DD012AEFA0BD0054CB84 = {
						CreatedOnToolsVersion = 15.0.1;
					};
				};
			};
			buildConfigurationList = 37C4DCFD2AEFA0BD0054CB84 /* Build configuration list for PBXProject "5_PlantsAPI" */;
			compatibilityVersion = "Xcode 14.0";
			developmentRegion = en;
			hasScannedForEncodings = 0;
			knownRegions = (
				en,
				Base,
			);
			mainGroup = 37C4DCF92AEFA0BD0054CB84;
			packageReferences = (
				37C4DD1F2AEFA7770054CB84 /* XCRemoteSwiftPackageReference "RxSwift" */,
				37C4DD342AEFA78C0054CB84 /* XCRemoteSwiftPackageReference "SnapKit" */,
				37C4DD392AEFA7A50054CB84 /* XCRemoteSwiftPackageReference "Alamofire" */,
			);
			productRefGroup = 37C4DD032AEFA0BD0054CB84 /* Products */;
			projectDirPath = "";
			projectRoot = "";
			targets = (
				37C4DD012AEFA0BD0054CB84 /* 5_PlantsAPI */,
			);
		};
/* End PBXProject section */

/* Begin PBXResourcesBuildPhase section */
		37C4DD002AEFA0BD0054CB84 /* Resources */ = {
			isa = PBXResourcesBuildPhase;
			buildActionMask = 2147483647;
			files = (
				37C4DD122AEFA0C00054CB84 /* LaunchScreen.storyboard in Resources */,
				37C4DD0F2AEFA0C00054CB84 /* Assets.xcassets in Resources */,
			);
			runOnlyForDeploymentPostprocessing = 0;
		};
/* End PBXResourcesBuildPhase section */

/* Begin PBXSourcesBuildPhase section */
		37C4DCFE2AEFA0BD0054CB84 /* Sources */ = {
			isa = PBXSourcesBuildPhase;
			buildActionMask = 2147483647;
			files = (
				37C4DD462AEFC8500054CB84 /* PlantResponse.swift in Sources */,
				37C4DD442AEFC8010054CB84 /* PlantServices.swift in Sources */,
				37C4DD0A2AEFA0BD0054CB84 /* ViewController.swift in Sources */,
				37C4DD1E2AEFA65E0054CB84 /* PlantsViewController.swift in Sources */,
				37C4DD3F2AEFA9520054CB84 /* PlantTableViewCell.swift in Sources */,
				37C4DD062AEFA0BD0054CB84 /* AppDelegate.swift in Sources */,
				37C4DD082AEFA0BD0054CB84 /* SceneDelegate.swift in Sources */,
				37C4DD1A2AEFA1A30054CB84 /* Constants.swift in Sources */,
			);
			runOnlyForDeploymentPostprocessing = 0;
		};
/* End PBXSourcesBuildPhase section */

/* Begin PBXVariantGroup section */
		37C4DD102AEFA0C00054CB84 /* LaunchScreen.storyboard */ = {
			isa = PBXVariantGroup;
			children = (
				37C4DD112AEFA0C00054CB84 /* Base */,
			);
			name = LaunchScreen.storyboard;
			sourceTree = "<group>";
		};
/* End PBXVariantGroup section */

/* Begin XCBuildConfiguration section */
		37C4DD142AEFA0C00054CB84 /* Debug */ = {
			isa = XCBuildConfiguration;
			buildSettings = {
				ALWAYS_SEARCH_USER_PATHS = NO;
				ASSETCATALOG_COMPILER_GENERATE_SWIFT_ASSET_SYMBOL_EXTENSIONS = YES;
				CLANG_ANALYZER_NONNULL = YES;
				CLANG_ANALYZER_NUMBER_OBJECT_CONVERSION = YES_AGGRESSIVE;
				CLANG_CXX_LANGUAGE_STANDARD = "gnu++20";
				CLANG_ENABLE_MODULES = YES;
				CLANG_ENABLE_OBJC_ARC = YES;
				CLANG_ENABLE_OBJC_WEAK = YES;
				CLANG_WARN_BLOCK_CAPTURE_AUTORELEASING = YES;
				CLANG_WARN_BOOL_CONVERSION = YES;
				CLANG_WARN_COMMA = YES;
				CLANG_WARN_CONSTANT_CONVERSION = YES;
				CLANG_WARN_DEPRECATED_OBJC_IMPLEMENTATIONS = YES;
				CLANG_WARN_DIRECT_OBJC_ISA_USAGE = YES_ERROR;
				CLANG_WARN_DOCUMENTATION_COMMENTS = YES;
				CLANG_WARN_EMPTY_BODY = YES;
				CLANG_WARN_ENUM_CONVERSION = YES;
				CLANG_WARN_INFINITE_RECURSION = YES;
				CLANG_WARN_INT_CONVERSION = YES;
				CLANG_WARN_NON_LITERAL_NULL_CONVERSION = YES;
				CLANG_WARN_OBJC_IMPLICIT_RETAIN_SELF = YES;
				CLANG_WARN_OBJC_LITERAL_CONVERSION = YES;
				CLANG_WARN_OBJC_ROOT_CLASS = YES_ERROR;
				CLANG_WARN_QUOTED_INCLUDE_IN_FRAMEWORK_HEADER = YES;
				CLANG_WARN_RANGE_LOOP_ANALYSIS = YES;
				CLANG_WARN_STRICT_PROTOTYPES = YES;
				CLANG_WARN_SUSPICIOUS_MOVE = YES;
				CLANG_WARN_UNGUARDED_AVAILABILITY = YES_AGGRESSIVE;
				CLANG_WARN_UNREACHABLE_CODE = YES;
				CLANG_WARN__DUPLICATE_METHOD_MATCH = YES;
				COPY_PHASE_STRIP = NO;
				DEBUG_INFORMATION_FORMAT = dwarf;
				ENABLE_STRICT_OBJC_MSGSEND = YES;
				ENABLE_TESTABILITY = YES;
				ENABLE_USER_SCRIPT_SANDBOXING = YES;
				GCC_C_LANGUAGE_STANDARD = gnu17;
				GCC_DYNAMIC_NO_PIC = NO;
				GCC_NO_COMMON_BLOCKS = YES;
				GCC_OPTIMIZATION_LEVEL = 0;
				GCC_PREPROCESSOR_DEFINITIONS = (
					"DEBUG=1",
					"$(inherited)",
				);
				GCC_WARN_64_TO_32_BIT_CONVERSION = YES;
				GCC_WARN_ABOUT_RETURN_TYPE = YES_ERROR;
				GCC_WARN_UNDECLARED_SELECTOR = YES;
				GCC_WARN_UNINITIALIZED_AUTOS = YES_AGGRESSIVE;
				GCC_WARN_UNUSED_FUNCTION = YES;
				GCC_WARN_UNUSED_VARIABLE = YES;
				IPHONEOS_DEPLOYMENT_TARGET = 17.0;
				LOCALIZATION_PREFERS_STRING_CATALOGS = YES;
				MTL_ENABLE_DEBUG_INFO = INCLUDE_SOURCE;
				MTL_FAST_MATH = YES;
				ONLY_ACTIVE_ARCH = YES;
				SDKROOT = iphoneos;
				SWIFT_ACTIVE_COMPILATION_CONDITIONS = "DEBUG $(inherited)";
				SWIFT_OPTIMIZATION_LEVEL = "-Onone";
			};
			name = Debug;
		};
		37C4DD152AEFA0C00054CB84 /* Release */ = {
			isa = XCBuildConfiguration;
			buildSettings = {
				ALWAYS_SEARCH_USER_PATHS = NO;
				ASSETCATALOG_COMPILER_GENERATE_SWIFT_ASSET_SYMBOL_EXTENSIONS = YES;
				CLANG_ANALYZER_NONNULL = YES;
				CLANG_ANALYZER_NUMBER_OBJECT_CONVERSION = YES_AGGRESSIVE;
				CLANG_CXX_LANGUAGE_STANDARD = "gnu++20";
				CLANG_ENABLE_MODULES = YES;
				CLANG_ENABLE_OBJC_ARC = YES;
				CLANG_ENABLE_OBJC_WEAK = YES;
				CLANG_WARN_BLOCK_CAPTURE_AUTORELEASING = YES;
				CLANG_WARN_BOOL_CONVERSION = YES;
				CLANG_WARN_COMMA = YES;
				CLANG_WARN_CONSTANT_CONVERSION = YES;
				CLANG_WARN_DEPRECATED_OBJC_IMPLEMENTATIONS = YES;
				CLANG_WARN_DIRECT_OBJC_ISA_USAGE = YES_ERROR;
				CLANG_WARN_DOCUMENTATION_COMMENTS = YES;
				CLANG_WARN_EMPTY_BODY = YES;
				CLANG_WARN_ENUM_CONVERSION = YES;
				CLANG_WARN_INFINITE_RECURSION = YES;
				CLANG_WARN_INT_CONVERSION = YES;
				CLANG_WARN_NON_LITERAL_NULL_CONVERSION = YES;
				CLANG_WARN_OBJC_IMPLICIT_RETAIN_SELF = YES;
				CLANG_WARN_OBJC_LITERAL_CONVERSION = YES;
				CLANG_WARN_OBJC_ROOT_CLASS = YES_ERROR;
				CLANG_WARN_QUOTED_INCLUDE_IN_FRAMEWORK_HEADER = YES;
				CLANG_WARN_RANGE_LOOP_ANALYSIS = YES;
				CLANG_WARN_STRICT_PROTOTYPES = YES;
				CLANG_WARN_SUSPICIOUS_MOVE = YES;
				CLANG_WARN_UNGUARDED_AVAILABILITY = YES_AGGRESSIVE;
				CLANG_WARN_UNREACHABLE_CODE = YES;
				CLANG_WARN__DUPLICATE_METHOD_MATCH = YES;
				COPY_PHASE_STRIP = NO;
				DEBUG_INFORMATION_FORMAT = "dwarf-with-dsym";
				ENABLE_NS_ASSERTIONS = NO;
				ENABLE_STRICT_OBJC_MSGSEND = YES;
				ENABLE_USER_SCRIPT_SANDBOXING = YES;
				GCC_C_LANGUAGE_STANDARD = gnu17;
				GCC_NO_COMMON_BLOCKS = YES;
				GCC_WARN_64_TO_32_BIT_CONVERSION = YES;
				GCC_WARN_ABOUT_RETURN_TYPE = YES_ERROR;
				GCC_WARN_UNDECLARED_SELECTOR = YES;
				GCC_WARN_UNINITIALIZED_AUTOS = YES_AGGRESSIVE;
				GCC_WARN_UNUSED_FUNCTION = YES;
				GCC_WARN_UNUSED_VARIABLE = YES;
				IPHONEOS_DEPLOYMENT_TARGET = 17.0;
				LOCALIZATION_PREFERS_STRING_CATALOGS = YES;
				MTL_ENABLE_DEBUG_INFO = NO;
				MTL_FAST_MATH = YES;
				SDKROOT = iphoneos;
				SWIFT_COMPILATION_MODE = wholemodule;
				VALIDATE_PRODUCT = YES;
			};
			name = Release;
		};
		37C4DD172AEFA0C00054CB84 /* Debug */ = {
			isa = XCBuildConfiguration;
			buildSettings = {
				ASSETCATALOG_COMPILER_APPICON_NAME = AppIcon;
				ASSETCATALOG_COMPILER_GLOBAL_ACCENT_COLOR_NAME = AccentColor;
				CODE_SIGN_STYLE = Automatic;
				CURRENT_PROJECT_VERSION = 1;
				DEVELOPMENT_TEAM = FQ9852Z3LX;
				GENERATE_INFOPLIST_FILE = YES;
				INFOPLIST_FILE = 5_PlantsAPI/Info.plist;
				INFOPLIST_KEY_UIApplicationSupportsIndirectInputEvents = YES;
				INFOPLIST_KEY_UILaunchStoryboardName = LaunchScreen;
				INFOPLIST_KEY_UISupportedInterfaceOrientations_iPad = "UIInterfaceOrientationPortrait UIInterfaceOrientationPortraitUpsideDown UIInterfaceOrientationLandscapeLeft UIInterfaceOrientationLandscapeRight";
				INFOPLIST_KEY_UISupportedInterfaceOrientations_iPhone = "UIInterfaceOrientationPortrait UIInterfaceOrientationLandscapeLeft UIInterfaceOrientationLandscapeRight";
				LD_RUNPATH_SEARCH_PATHS = (
					"$(inherited)",
					"@executable_path/Frameworks",
				);
				MARKETING_VERSION = 1.0;
				PRODUCT_BUNDLE_IDENTIFIER = "dami.--PlantsAPI";
				PRODUCT_NAME = "$(TARGET_NAME)";
				SWIFT_EMIT_LOC_STRINGS = YES;
				SWIFT_VERSION = 5.0;
				TARGETED_DEVICE_FAMILY = "1,2";
			};
			name = Debug;
		};
		37C4DD182AEFA0C00054CB84 /* Release */ = {
			isa = XCBuildConfiguration;
			buildSettings = {
				ASSETCATALOG_COMPILER_APPICON_NAME = AppIcon;
				ASSETCATALOG_COMPILER_GLOBAL_ACCENT_COLOR_NAME = AccentColor;
				CODE_SIGN_STYLE = Automatic;
				CURRENT_PROJECT_VERSION = 1;
				DEVELOPMENT_TEAM = FQ9852Z3LX;
				GENERATE_INFOPLIST_FILE = YES;
				INFOPLIST_FILE = 5_PlantsAPI/Info.plist;
				INFOPLIST_KEY_UIApplicationSupportsIndirectInputEvents = YES;
				INFOPLIST_KEY_UILaunchStoryboardName = LaunchScreen;
				INFOPLIST_KEY_UISupportedInterfaceOrientations_iPad = "UIInterfaceOrientationPortrait UIInterfaceOrientationPortraitUpsideDown UIInterfaceOrientationLandscapeLeft UIInterfaceOrientationLandscapeRight";
				INFOPLIST_KEY_UISupportedInterfaceOrientations_iPhone = "UIInterfaceOrientationPortrait UIInterfaceOrientationLandscapeLeft UIInterfaceOrientationLandscapeRight";
				LD_RUNPATH_SEARCH_PATHS = (
					"$(inherited)",
					"@executable_path/Frameworks",
				);
				MARKETING_VERSION = 1.0;
				PRODUCT_BUNDLE_IDENTIFIER = "dami.--PlantsAPI";
				PRODUCT_NAME = "$(TARGET_NAME)";
				SWIFT_EMIT_LOC_STRINGS = YES;
				SWIFT_VERSION = 5.0;
				TARGETED_DEVICE_FAMILY = "1,2";
			};
			name = Release;
		};
/* End XCBuildConfiguration section */

/* Begin XCConfigurationList section */
		37C4DCFD2AEFA0BD0054CB84 /* Build configuration list for PBXProject "5_PlantsAPI" */ = {
			isa = XCConfigurationList;
			buildConfigurations = (
				37C4DD142AEFA0C00054CB84 /* Debug */,
				37C4DD152AEFA0C00054CB84 /* Release */,
			);
			defaultConfigurationIsVisible = 0;
			defaultConfigurationName = Release;
		};
		37C4DD162AEFA0C00054CB84 /* Build configuration list for PBXNativeTarget "5_PlantsAPI" */ = {
			isa = XCConfigurationList;
			buildConfigurations = (
				37C4DD172AEFA0C00054CB84 /* Debug */,
				37C4DD182AEFA0C00054CB84 /* Release */,
			);
			defaultConfigurationIsVisible = 0;
			defaultConfigurationName = Release;
		};
/* End XCConfigurationList section */

/* Begin XCRemoteSwiftPackageReference section */
		37C4DD1F2AEFA7770054CB84 /* XCRemoteSwiftPackageReference "RxSwift" */ = {
			isa = XCRemoteSwiftPackageReference;
			repositoryURL = "https://github.com/ReactiveX/RxSwift.git";
			requirement = {
				kind = upToNextMajorVersion;
				minimumVersion = 6.6.0;
			};
		};
		37C4DD342AEFA78C0054CB84 /* XCRemoteSwiftPackageReference "SnapKit" */ = {
			isa = XCRemoteSwiftPackageReference;
			repositoryURL = "https://github.com/SnapKit/SnapKit.git";
			requirement = {
				kind = upToNextMajorVersion;
				minimumVersion = 5.6.0;
			};
		};
		37C4DD392AEFA7A50054CB84 /* XCRemoteSwiftPackageReference "Alamofire" */ = {
			isa = XCRemoteSwiftPackageReference;
			repositoryURL = "https://github.com/Alamofire/Alamofire.git";
			requirement = {
				kind = upToNextMajorVersion;
				minimumVersion = 5.8.1;
			};
		};
/* End XCRemoteSwiftPackageReference section */

/* Begin XCSwiftPackageProductDependency section */
		37C4DD242AEFA7770054CB84 /* RxCocoa */ = {
			isa = XCSwiftPackageProductDependency;
			package = 37C4DD1F2AEFA7770054CB84 /* XCRemoteSwiftPackageReference "RxSwift" */;
			productName = RxCocoa;
		};
		37C4DD282AEFA7770054CB84 /* RxRelay */ = {
			isa = XCSwiftPackageProductDependency;
			package = 37C4DD1F2AEFA7770054CB84 /* XCRemoteSwiftPackageReference "RxSwift" */;
			productName = RxRelay;
		};
		37C4DD2C2AEFA7770054CB84 /* RxSwift */ = {
			isa = XCSwiftPackageProductDependency;
			package = 37C4DD1F2AEFA7770054CB84 /* XCRemoteSwiftPackageReference "RxSwift" */;
			productName = RxSwift;
		};
		37C4DD352AEFA78C0054CB84 /* SnapKit */ = {
			isa = XCSwiftPackageProductDependency;
			package = 37C4DD342AEFA78C0054CB84 /* XCRemoteSwiftPackageReference "SnapKit" */;
			productName = SnapKit;
		};
		37C4DD3A2AEFA7A50054CB84 /* Alamofire */ = {
			isa = XCSwiftPackageProductDependency;
			package = 37C4DD392AEFA7A50054CB84 /* XCRemoteSwiftPackageReference "Alamofire" */;
			productName = Alamofire;
		};
/* End XCSwiftPackageProductDependency section */
	};
	rootObject = 37C4DCFA2AEFA0BD0054CB84 /* Project object */;
}
