// !$*UTF8*$!
{
	archiveVersion = 1;
	classes = {
	};
	objectVersion = 56;
	objects = {

/* Begin PBXBuildFile section */
		37B3A9CE2AB8A3C300092CCF /* AppDelegate.swift in Sources */ = {isa = PBXBuildFile; fileRef = 37B3A9CD2AB8A3C300092CCF /* AppDelegate.swift */; };
		37B3A9D02AB8A3C300092CCF /* SceneDelegate.swift in Sources */ = {isa = PBXBuildFile; fileRef = 37B3A9CF2AB8A3C300092CCF /* SceneDelegate.swift */; };
		37B3A9D22AB8A3C300092CCF /* ViewController.swift in Sources */ = {isa = PBXBuildFile; fileRef = 37B3A9D12AB8A3C300092CCF /* ViewController.swift */; };
		37B3A9D72AB8A3C600092CCF /* Assets.xcassets in Resources */ = {isa = PBXBuildFile; fileRef = 37B3A9D62AB8A3C600092CCF /* Assets.xcassets */; };
		37B3A9DA2AB8A3C600092CCF /* LaunchScreen.storyboard in Resources */ = {isa = PBXBuildFile; fileRef = 37B3A9D82AB8A3C600092CCF /* LaunchScreen.storyboard */; };
		37B3A9E32AB8A46200092CCF /* SnapKit in Frameworks */ = {isa = PBXBuildFile; productRef = 37B3A9E22AB8A46200092CCF /* SnapKit */; };
		37B3A9E82AB8B80F00092CCF /* CustomTabBarViewController.swift in Sources */ = {isa = PBXBuildFile; fileRef = 37B3A9E72AB8B80F00092CCF /* CustomTabBarViewController.swift */; };
		37E6DF8D2AB94B3F00A30B65 /* CellData.swift in Sources */ = {isa = PBXBuildFile; fileRef = 37E6DF8C2AB94B3F00A30B65 /* CellData.swift */; };
		37E6DF8F2AB954F800A30B65 /* DataManager.swift in Sources */ = {isa = PBXBuildFile; fileRef = 37E6DF8E2AB954F800A30B65 /* DataManager.swift */; };
		37E6DF912AB9580F00A30B65 /* CollectionViewCell.swift in Sources */ = {isa = PBXBuildFile; fileRef = 37E6DF902AB9580F00A30B65 /* CollectionViewCell.swift */; };
		37E6DF932AB9586100A30B65 /* TableViewCell.swift in Sources */ = {isa = PBXBuildFile; fileRef = 37E6DF922AB9586100A30B65 /* TableViewCell.swift */; };
		37E6DF952AB96E6B00A30B65 /* UIColor+Ex.swift in Sources */ = {isa = PBXBuildFile; fileRef = 37E6DF942AB96E6B00A30B65 /* UIColor+Ex.swift */; };
		37E6DF972AB98A9B00A30B65 /* FirstCustomView.swift in Sources */ = {isa = PBXBuildFile; fileRef = 37E6DF962AB98A9B00A30B65 /* FirstCustomView.swift */; };
		37E6DF992AB9944300A30B65 /* SecondCustomView.swift in Sources */ = {isa = PBXBuildFile; fileRef = 37E6DF982AB9944300A30B65 /* SecondCustomView.swift */; };
		37E6DFA22AB99A2600A30B65 /* SecondCustomCollectionCell.swift in Sources */ = {isa = PBXBuildFile; fileRef = 37E6DFA12AB99A2600A30B65 /* SecondCustomCollectionCell.swift */; };
/* End PBXBuildFile section */

/* Begin PBXFileReference section */
		37B3A9CA2AB8A3C300092CCF /* 1_BeaMin_Layout.app */ = {isa = PBXFileReference; explicitFileType = wrapper.application; includeInIndex = 0; path = 1_BeaMin_Layout.app; sourceTree = BUILT_PRODUCTS_DIR; };
		37B3A9CD2AB8A3C300092CCF /* AppDelegate.swift */ = {isa = PBXFileReference; lastKnownFileType = sourcecode.swift; path = AppDelegate.swift; sourceTree = "<group>"; };
		37B3A9CF2AB8A3C300092CCF /* SceneDelegate.swift */ = {isa = PBXFileReference; lastKnownFileType = sourcecode.swift; path = SceneDelegate.swift; sourceTree = "<group>"; };
		37B3A9D12AB8A3C300092CCF /* ViewController.swift */ = {isa = PBXFileReference; lastKnownFileType = sourcecode.swift; path = ViewController.swift; sourceTree = "<group>"; };
		37B3A9D62AB8A3C600092CCF /* Assets.xcassets */ = {isa = PBXFileReference; lastKnownFileType = folder.assetcatalog; path = Assets.xcassets; sourceTree = "<group>"; };
		37B3A9D92AB8A3C600092CCF /* Base */ = {isa = PBXFileReference; lastKnownFileType = file.storyboard; name = Base; path = Base.lproj/LaunchScreen.storyboard; sourceTree = "<group>"; };
		37B3A9DB2AB8A3C600092CCF /* Info.plist */ = {isa = PBXFileReference; lastKnownFileType = text.plist.xml; path = Info.plist; sourceTree = "<group>"; };
		37B3A9E72AB8B80F00092CCF /* CustomTabBarViewController.swift */ = {isa = PBXFileReference; lastKnownFileType = sourcecode.swift; path = CustomTabBarViewController.swift; sourceTree = "<group>"; };
		37E6DF8C2AB94B3F00A30B65 /* CellData.swift */ = {isa = PBXFileReference; lastKnownFileType = sourcecode.swift; path = CellData.swift; sourceTree = "<group>"; };
		37E6DF8E2AB954F800A30B65 /* DataManager.swift */ = {isa = PBXFileReference; lastKnownFileType = sourcecode.swift; path = DataManager.swift; sourceTree = "<group>"; };
		37E6DF902AB9580F00A30B65 /* CollectionViewCell.swift */ = {isa = PBXFileReference; lastKnownFileType = sourcecode.swift; path = CollectionViewCell.swift; sourceTree = "<group>"; };
		37E6DF922AB9586100A30B65 /* TableViewCell.swift */ = {isa = PBXFileReference; lastKnownFileType = sourcecode.swift; path = TableViewCell.swift; sourceTree = "<group>"; };
		37E6DF942AB96E6B00A30B65 /* UIColor+Ex.swift */ = {isa = PBXFileReference; lastKnownFileType = sourcecode.swift; path = "UIColor+Ex.swift"; sourceTree = "<group>"; };
		37E6DF962AB98A9B00A30B65 /* FirstCustomView.swift */ = {isa = PBXFileReference; lastKnownFileType = sourcecode.swift; path = FirstCustomView.swift; sourceTree = "<group>"; };
		37E6DF982AB9944300A30B65 /* SecondCustomView.swift */ = {isa = PBXFileReference; lastKnownFileType = sourcecode.swift; path = SecondCustomView.swift; sourceTree = "<group>"; };
		37E6DFA12AB99A2600A30B65 /* SecondCustomCollectionCell.swift */ = {isa = PBXFileReference; lastKnownFileType = sourcecode.swift; path = SecondCustomCollectionCell.swift; sourceTree = "<group>"; };
/* End PBXFileReference section */

/* Begin PBXFrameworksBuildPhase section */
		37B3A9C72AB8A3C300092CCF /* Frameworks */ = {
			isa = PBXFrameworksBuildPhase;
			buildActionMask = 2147483647;
			files = (
				37B3A9E32AB8A46200092CCF /* SnapKit in Frameworks */,
			);
			runOnlyForDeploymentPostprocessing = 0;
		};
/* End PBXFrameworksBuildPhase section */

/* Begin PBXGroup section */
		37B3A9C12AB8A3C300092CCF = {
			isa = PBXGroup;
			children = (
				37B3A9CC2AB8A3C300092CCF /* 1_BeaMin_Layout */,
				37B3A9CB2AB8A3C300092CCF /* Products */,
			);
			sourceTree = "<group>";
		};
		37B3A9CB2AB8A3C300092CCF /* Products */ = {
			isa = PBXGroup;
			children = (
				37B3A9CA2AB8A3C300092CCF /* 1_BeaMin_Layout.app */,
			);
			name = Products;
			sourceTree = "<group>";
		};
		37B3A9CC2AB8A3C300092CCF /* 1_BeaMin_Layout */ = {
			isa = PBXGroup;
			children = (
				37E6DF9C2AB998ED00A30B65 /* App */,
				37E6DF9B2AB998C300A30B65 /* Views */,
				37B3A9E42AB8B3AC00092CCF /* Tabbar */,
				37B3A9D12AB8A3C300092CCF /* ViewController.swift */,
				37B3A9D62AB8A3C600092CCF /* Assets.xcassets */,
				37B3A9D82AB8A3C600092CCF /* LaunchScreen.storyboard */,
				37B3A9DB2AB8A3C600092CCF /* Info.plist */,
				37E6DF8E2AB954F800A30B65 /* DataManager.swift */,
				37E6DF902AB9580F00A30B65 /* CollectionViewCell.swift */,
				37E6DFA12AB99A2600A30B65 /* SecondCustomCollectionCell.swift */,
			);
			path = 1_BeaMin_Layout;
			sourceTree = "<group>";
		};
		37B3A9E42AB8B3AC00092CCF /* Tabbar */ = {
			isa = PBXGroup;
			children = (
				37B3A9E72AB8B80F00092CCF /* CustomTabBarViewController.swift */,
				37E6DF8C2AB94B3F00A30B65 /* CellData.swift */,
				37E6DF922AB9586100A30B65 /* TableViewCell.swift */,
				37E6DF942AB96E6B00A30B65 /* UIColor+Ex.swift */,
			);
			path = Tabbar;
			sourceTree = "<group>";
		};
		37E6DF9B2AB998C300A30B65 /* Views */ = {
			isa = PBXGroup;
			children = (
				37E6DF962AB98A9B00A30B65 /* FirstCustomView.swift */,
				37E6DF982AB9944300A30B65 /* SecondCustomView.swift */,
			);
			path = Views;
			sourceTree = "<group>";
		};
		37E6DF9C2AB998ED00A30B65 /* App */ = {
			isa = PBXGroup;
			children = (
				37B3A9CD2AB8A3C300092CCF /* AppDelegate.swift */,
				37B3A9CF2AB8A3C300092CCF /* SceneDelegate.swift */,
			);
			path = App;
			sourceTree = "<group>";
		};
/* End PBXGroup section */

/* Begin PBXNativeTarget section */
		37B3A9C92AB8A3C300092CCF /* 1_BeaMin_Layout */ = {
			isa = PBXNativeTarget;
			buildConfigurationList = 37B3A9DE2AB8A3C600092CCF /* Build configuration list for PBXNativeTarget "1_BeaMin_Layout" */;
			buildPhases = (
				37B3A9C62AB8A3C300092CCF /* Sources */,
				37B3A9C72AB8A3C300092CCF /* Frameworks */,
				37B3A9C82AB8A3C300092CCF /* Resources */,
			);
			buildRules = (
			);
			dependencies = (
			);
			name = 1_BeaMin_Layout;
			packageProductDependencies = (
				37B3A9E22AB8A46200092CCF /* SnapKit */,
			);
			productName = 1_BeaMin_Layout;
			productReference = 37B3A9CA2AB8A3C300092CCF /* 1_BeaMin_Layout.app */;
			productType = "com.apple.product-type.application";
		};
/* End PBXNativeTarget section */

/* Begin PBXProject section */
		37B3A9C22AB8A3C300092CCF /* Project object */ = {
			isa = PBXProject;
			attributes = {
				BuildIndependentTargetsInParallel = 1;
				LastSwiftUpdateCheck = 1430;
				LastUpgradeCheck = 1430;
				TargetAttributes = {
					37B3A9C92AB8A3C300092CCF = {
						CreatedOnToolsVersion = 14.3.1;
					};
				};
			};
			buildConfigurationList = 37B3A9C52AB8A3C300092CCF /* Build configuration list for PBXProject "1_BeaMin_Layout" */;
			compatibilityVersion = "Xcode 14.0";
			developmentRegion = en;
			hasScannedForEncodings = 0;
			knownRegions = (
				en,
				Base,
			);
			mainGroup = 37B3A9C12AB8A3C300092CCF;
			packageReferences = (
				37B3A9E12AB8A46200092CCF /* XCRemoteSwiftPackageReference "SnapKit" */,
			);
			productRefGroup = 37B3A9CB2AB8A3C300092CCF /* Products */;
			projectDirPath = "";
			projectRoot = "";
			targets = (
				37B3A9C92AB8A3C300092CCF /* 1_BeaMin_Layout */,
			);
		};
/* End PBXProject section */

/* Begin PBXResourcesBuildPhase section */
		37B3A9C82AB8A3C300092CCF /* Resources */ = {
			isa = PBXResourcesBuildPhase;
			buildActionMask = 2147483647;
			files = (
				37B3A9DA2AB8A3C600092CCF /* LaunchScreen.storyboard in Resources */,
				37B3A9D72AB8A3C600092CCF /* Assets.xcassets in Resources */,
			);
			runOnlyForDeploymentPostprocessing = 0;
		};
/* End PBXResourcesBuildPhase section */

/* Begin PBXSourcesBuildPhase section */
		37B3A9C62AB8A3C300092CCF /* Sources */ = {
			isa = PBXSourcesBuildPhase;
			buildActionMask = 2147483647;
			files = (
				37B3A9D22AB8A3C300092CCF /* ViewController.swift in Sources */,
				37E6DF932AB9586100A30B65 /* TableViewCell.swift in Sources */,
				37E6DF8F2AB954F800A30B65 /* DataManager.swift in Sources */,
				37B3A9CE2AB8A3C300092CCF /* AppDelegate.swift in Sources */,
				37E6DF912AB9580F00A30B65 /* CollectionViewCell.swift in Sources */,
				37B3A9E82AB8B80F00092CCF /* CustomTabBarViewController.swift in Sources */,
				37E6DF972AB98A9B00A30B65 /* FirstCustomView.swift in Sources */,
				37E6DF952AB96E6B00A30B65 /* UIColor+Ex.swift in Sources */,
				37E6DF8D2AB94B3F00A30B65 /* CellData.swift in Sources */,
				37B3A9D02AB8A3C300092CCF /* SceneDelegate.swift in Sources */,
				37E6DF992AB9944300A30B65 /* SecondCustomView.swift in Sources */,
				37E6DFA22AB99A2600A30B65 /* SecondCustomCollectionCell.swift in Sources */,
			);
			runOnlyForDeploymentPostprocessing = 0;
		};
/* End PBXSourcesBuildPhase section */

/* Begin PBXVariantGroup section */
		37B3A9D82AB8A3C600092CCF /* LaunchScreen.storyboard */ = {
			isa = PBXVariantGroup;
			children = (
				37B3A9D92AB8A3C600092CCF /* Base */,
			);
			name = LaunchScreen.storyboard;
			sourceTree = "<group>";
		};
/* End PBXVariantGroup section */

/* Begin XCBuildConfiguration section */
		37B3A9DC2AB8A3C600092CCF /* Debug */ = {
			isa = XCBuildConfiguration;
			buildSettings = {
				ALWAYS_SEARCH_USER_PATHS = NO;
				CLANG_ANALYZER_NONNULL = YES;
				CLANG_ANALYZER_NUMBER_OBJECT_CONVERSION = YES_AGGRESSIVE;
				CLANG_CXX_LANGUAGE_STANDARD = "gnu++20";
				CLANG_ENABLE_MODULES = YES;
				CLANG_ENABLE_OBJC_ARC = YES;
				CLANG_ENABLE_OBJC_WEAK = YES;
				CLANG_WARN_BLOCK_CAPTURE_AUTORELEASING = YES;
				CLANG_WARN_BOOL_CONVERSION = YES;
				CLANG_WARN_COMMA = YES;
				CLANG_WARN_CONSTANT_CONVERSION = YES;
				CLANG_WARN_DEPRECATED_OBJC_IMPLEMENTATIONS = YES;
				CLANG_WARN_DIRECT_OBJC_ISA_USAGE = YES_ERROR;
				CLANG_WARN_DOCUMENTATION_COMMENTS = YES;
				CLANG_WARN_EMPTY_BODY = YES;
				CLANG_WARN_ENUM_CONVERSION = YES;
				CLANG_WARN_INFINITE_RECURSION = YES;
				CLANG_WARN_INT_CONVERSION = YES;
				CLANG_WARN_NON_LITERAL_NULL_CONVERSION = YES;
				CLANG_WARN_OBJC_IMPLICIT_RETAIN_SELF = YES;
				CLANG_WARN_OBJC_LITERAL_CONVERSION = YES;
				CLANG_WARN_OBJC_ROOT_CLASS = YES_ERROR;
				CLANG_WARN_QUOTED_INCLUDE_IN_FRAMEWORK_HEADER = YES;
				CLANG_WARN_RANGE_LOOP_ANALYSIS = YES;
				CLANG_WARN_STRICT_PROTOTYPES = YES;
				CLANG_WARN_SUSPICIOUS_MOVE = YES;
				CLANG_WARN_UNGUARDED_AVAILABILITY = YES_AGGRESSIVE;
				CLANG_WARN_UNREACHABLE_CODE = YES;
				CLANG_WARN__DUPLICATE_METHOD_MATCH = YES;
				COPY_PHASE_STRIP = NO;
				DEBUG_INFORMATION_FORMAT = dwarf;
				ENABLE_STRICT_OBJC_MSGSEND = YES;
				ENABLE_TESTABILITY = YES;
				GCC_C_LANGUAGE_STANDARD = gnu11;
				GCC_DYNAMIC_NO_PIC = NO;
				GCC_NO_COMMON_BLOCKS = YES;
				GCC_OPTIMIZATION_LEVEL = 0;
				GCC_PREPROCESSOR_DEFINITIONS = (
					"DEBUG=1",
					"$(inherited)",
				);
				GCC_WARN_64_TO_32_BIT_CONVERSION = YES;
				GCC_WARN_ABOUT_RETURN_TYPE = YES_ERROR;
				GCC_WARN_UNDECLARED_SELECTOR = YES;
				GCC_WARN_UNINITIALIZED_AUTOS = YES_AGGRESSIVE;
				GCC_WARN_UNUSED_FUNCTION = YES;
				GCC_WARN_UNUSED_VARIABLE = YES;
				IPHONEOS_DEPLOYMENT_TARGET = 15.0;
				MTL_ENABLE_DEBUG_INFO = INCLUDE_SOURCE;
				MTL_FAST_MATH = YES;
				ONLY_ACTIVE_ARCH = YES;
				SDKROOT = iphoneos;
				SWIFT_ACTIVE_COMPILATION_CONDITIONS = DEBUG;
				SWIFT_OPTIMIZATION_LEVEL = "-Onone";
			};
			name = Debug;
		};
		37B3A9DD2AB8A3C600092CCF /* Release */ = {
			isa = XCBuildConfiguration;
			buildSettings = {
				ALWAYS_SEARCH_USER_PATHS = NO;
				CLANG_ANALYZER_NONNULL = YES;
				CLANG_ANALYZER_NUMBER_OBJECT_CONVERSION = YES_AGGRESSIVE;
				CLANG_CXX_LANGUAGE_STANDARD = "gnu++20";
				CLANG_ENABLE_MODULES = YES;
				CLANG_ENABLE_OBJC_ARC = YES;
				CLANG_ENABLE_OBJC_WEAK = YES;
				CLANG_WARN_BLOCK_CAPTURE_AUTORELEASING = YES;
				CLANG_WARN_BOOL_CONVERSION = YES;
				CLANG_WARN_COMMA = YES;
				CLANG_WARN_CONSTANT_CONVERSION = YES;
				CLANG_WARN_DEPRECATED_OBJC_IMPLEMENTATIONS = YES;
				CLANG_WARN_DIRECT_OBJC_ISA_USAGE = YES_ERROR;
				CLANG_WARN_DOCUMENTATION_COMMENTS = YES;
				CLANG_WARN_EMPTY_BODY = YES;
				CLANG_WARN_ENUM_CONVERSION = YES;
				CLANG_WARN_INFINITE_RECURSION = YES;
				CLANG_WARN_INT_CONVERSION = YES;
				CLANG_WARN_NON_LITERAL_NULL_CONVERSION = YES;
				CLANG_WARN_OBJC_IMPLICIT_RETAIN_SELF = YES;
				CLANG_WARN_OBJC_LITERAL_CONVERSION = YES;
				CLANG_WARN_OBJC_ROOT_CLASS = YES_ERROR;
				CLANG_WARN_QUOTED_INCLUDE_IN_FRAMEWORK_HEADER = YES;
				CLANG_WARN_RANGE_LOOP_ANALYSIS = YES;
				CLANG_WARN_STRICT_PROTOTYPES = YES;
				CLANG_WARN_SUSPICIOUS_MOVE = YES;
				CLANG_WARN_UNGUARDED_AVAILABILITY = YES_AGGRESSIVE;
				CLANG_WARN_UNREACHABLE_CODE = YES;
				CLANG_WARN__DUPLICATE_METHOD_MATCH = YES;
				COPY_PHASE_STRIP = NO;
				DEBUG_INFORMATION_FORMAT = "dwarf-with-dsym";
				ENABLE_NS_ASSERTIONS = NO;
				ENABLE_STRICT_OBJC_MSGSEND = YES;
				GCC_C_LANGUAGE_STANDARD = gnu11;
				GCC_NO_COMMON_BLOCKS = YES;
				GCC_WARN_64_TO_32_BIT_CONVERSION = YES;
				GCC_WARN_ABOUT_RETURN_TYPE = YES_ERROR;
				GCC_WARN_UNDECLARED_SELECTOR = YES;
				GCC_WARN_UNINITIALIZED_AUTOS = YES_AGGRESSIVE;
				GCC_WARN_UNUSED_FUNCTION = YES;
				GCC_WARN_UNUSED_VARIABLE = YES;
				IPHONEOS_DEPLOYMENT_TARGET = 15.0;
				MTL_ENABLE_DEBUG_INFO = NO;
				MTL_FAST_MATH = YES;
				SDKROOT = iphoneos;
				SWIFT_COMPILATION_MODE = wholemodule;
				SWIFT_OPTIMIZATION_LEVEL = "-O";
				VALIDATE_PRODUCT = YES;
			};
			name = Release;
		};
		37B3A9DF2AB8A3C600092CCF /* Debug */ = {
			isa = XCBuildConfiguration;
			buildSettings = {
				ASSETCATALOG_COMPILER_APPICON_NAME = AppIcon;
				ASSETCATALOG_COMPILER_GLOBAL_ACCENT_COLOR_NAME = AccentColor;
				CODE_SIGN_STYLE = Automatic;
				CURRENT_PROJECT_VERSION = 1;
				DEVELOPMENT_TEAM = FQ9852Z3LX;
				GENERATE_INFOPLIST_FILE = YES;
				INFOPLIST_FILE = 1_BeaMin_Layout/Info.plist;
				INFOPLIST_KEY_UIApplicationSupportsIndirectInputEvents = YES;
				INFOPLIST_KEY_UILaunchStoryboardName = LaunchScreen;
				INFOPLIST_KEY_UISupportedInterfaceOrientations_iPad = "UIInterfaceOrientationPortrait UIInterfaceOrientationPortraitUpsideDown UIInterfaceOrientationLandscapeLeft UIInterfaceOrientationLandscapeRight";
				INFOPLIST_KEY_UISupportedInterfaceOrientations_iPhone = "UIInterfaceOrientationPortrait UIInterfaceOrientationLandscapeLeft UIInterfaceOrientationLandscapeRight";
				IPHONEOS_DEPLOYMENT_TARGET = 15.0;
				LD_RUNPATH_SEARCH_PATHS = (
					"$(inherited)",
					"@executable_path/Frameworks",
				);
				MARKETING_VERSION = 1.0;
				PRODUCT_BUNDLE_IDENTIFIER = "dami.--BeaMin-Layout";
				PRODUCT_NAME = "$(TARGET_NAME)";
				SWIFT_EMIT_LOC_STRINGS = YES;
				SWIFT_VERSION = 5.0;
				TARGETED_DEVICE_FAMILY = "1,2";
			};
			name = Debug;
		};
		37B3A9E02AB8A3C600092CCF /* Release */ = {
			isa = XCBuildConfiguration;
			buildSettings = {
				ASSETCATALOG_COMPILER_APPICON_NAME = AppIcon;
				ASSETCATALOG_COMPILER_GLOBAL_ACCENT_COLOR_NAME = AccentColor;
				CODE_SIGN_STYLE = Automatic;
				CURRENT_PROJECT_VERSION = 1;
				DEVELOPMENT_TEAM = FQ9852Z3LX;
				GENERATE_INFOPLIST_FILE = YES;
				INFOPLIST_FILE = 1_BeaMin_Layout/Info.plist;
				INFOPLIST_KEY_UIApplicationSupportsIndirectInputEvents = YES;
				INFOPLIST_KEY_UILaunchStoryboardName = LaunchScreen;
				INFOPLIST_KEY_UISupportedInterfaceOrientations_iPad = "UIInterfaceOrientationPortrait UIInterfaceOrientationPortraitUpsideDown UIInterfaceOrientationLandscapeLeft UIInterfaceOrientationLandscapeRight";
				INFOPLIST_KEY_UISupportedInterfaceOrientations_iPhone = "UIInterfaceOrientationPortrait UIInterfaceOrientationLandscapeLeft UIInterfaceOrientationLandscapeRight";
				IPHONEOS_DEPLOYMENT_TARGET = 15.0;
				LD_RUNPATH_SEARCH_PATHS = (
					"$(inherited)",
					"@executable_path/Frameworks",
				);
				MARKETING_VERSION = 1.0;
				PRODUCT_BUNDLE_IDENTIFIER = "dami.--BeaMin-Layout";
				PRODUCT_NAME = "$(TARGET_NAME)";
				SWIFT_EMIT_LOC_STRINGS = YES;
				SWIFT_VERSION = 5.0;
				TARGETED_DEVICE_FAMILY = "1,2";
			};
			name = Release;
		};
/* End XCBuildConfiguration section */

/* Begin XCConfigurationList section */
		37B3A9C52AB8A3C300092CCF /* Build configuration list for PBXProject "1_BeaMin_Layout" */ = {
			isa = XCConfigurationList;
			buildConfigurations = (
				37B3A9DC2AB8A3C600092CCF /* Debug */,
				37B3A9DD2AB8A3C600092CCF /* Release */,
			);
			defaultConfigurationIsVisible = 0;
			defaultConfigurationName = Release;
		};
		37B3A9DE2AB8A3C600092CCF /* Build configuration list for PBXNativeTarget "1_BeaMin_Layout" */ = {
			isa = XCConfigurationList;
			buildConfigurations = (
				37B3A9DF2AB8A3C600092CCF /* Debug */,
				37B3A9E02AB8A3C600092CCF /* Release */,
			);
			defaultConfigurationIsVisible = 0;
			defaultConfigurationName = Release;
		};
/* End XCConfigurationList section */

/* Begin XCRemoteSwiftPackageReference section */
		37B3A9E12AB8A46200092CCF /* XCRemoteSwiftPackageReference "SnapKit" */ = {
			isa = XCRemoteSwiftPackageReference;
			repositoryURL = "https://github.com/SnapKit/SnapKit.git";
			requirement = {
				kind = upToNextMajorVersion;
				minimumVersion = 5.0.0;
			};
		};
/* End XCRemoteSwiftPackageReference section */

/* Begin XCSwiftPackageProductDependency section */
		37B3A9E22AB8A46200092CCF /* SnapKit */ = {
			isa = XCSwiftPackageProductDependency;
			package = 37B3A9E12AB8A46200092CCF /* XCRemoteSwiftPackageReference "SnapKit" */;
			productName = SnapKit;
		};
/* End XCSwiftPackageProductDependency section */
	};
	rootObject = 37B3A9C22AB8A3C300092CCF /* Project object */;
}
