// !$*UTF8*$!
{
	archiveVersion = 1;
	classes = {
	};
	objectVersion = 56;
	objects = {

/* Begin PBXBuildFile section */
		376D3F992B0D04A400708902 /* NextPageView.swift in Sources */ = {isa = PBXBuildFile; fileRef = 376D3F982B0D04A400708902 /* NextPageView.swift */; };
		37A626692B0BA0A900CFE922 /* MenuViewModel.swift in Sources */ = {isa = PBXBuildFile; fileRef = 37A626682B0BA0A900CFE922 /* MenuViewModel.swift */; };
		37A6266C2B0BA2FB00CFE922 /* RxBlocking in Frameworks */ = {isa = PBXBuildFile; productRef = 37A6266B2B0BA2FB00CFE922 /* RxBlocking */; };
		37A6266E2B0BA2FB00CFE922 /* RxCocoa in Frameworks */ = {isa = PBXBuildFile; productRef = 37A6266D2B0BA2FB00CFE922 /* RxCocoa */; };
		37A626702B0BA2FB00CFE922 /* RxRelay in Frameworks */ = {isa = PBXBuildFile; productRef = 37A6266F2B0BA2FB00CFE922 /* RxRelay */; };
		37A626722B0BA2FB00CFE922 /* RxSwift in Frameworks */ = {isa = PBXBuildFile; productRef = 37A626712B0BA2FB00CFE922 /* RxSwift */; };
		37CDCCED2B0C9C26006BF559 /* CartView.swift in Sources */ = {isa = PBXBuildFile; fileRef = 37CDCCEC2B0C9C26006BF559 /* CartView.swift */; };
		37F5FE9C2B08C8B1001D6F48 /* Day8_SwiftUIApp.swift in Sources */ = {isa = PBXBuildFile; fileRef = 37F5FE9B2B08C8B1001D6F48 /* Day8_SwiftUIApp.swift */; };
		37F5FE9E2B08C8B1001D6F48 /* ContentView.swift in Sources */ = {isa = PBXBuildFile; fileRef = 37F5FE9D2B08C8B1001D6F48 /* ContentView.swift */; };
		37F5FEA02B08C8B6001D6F48 /* Assets.xcassets in Resources */ = {isa = PBXBuildFile; fileRef = 37F5FE9F2B08C8B6001D6F48 /* Assets.xcassets */; };
		37F5FEA32B08C8B6001D6F48 /* Preview Assets.xcassets in Resources */ = {isa = PBXBuildFile; fileRef = 37F5FEA22B08C8B6001D6F48 /* Preview Assets.xcassets */; };
		37F5FEAC2B090ED0001D6F48 /* Model.swift in Sources */ = {isa = PBXBuildFile; fileRef = 37F5FEAB2B090ED0001D6F48 /* Model.swift */; };
/* End PBXBuildFile section */

/* Begin PBXFileReference section */
		376D3F982B0D04A400708902 /* NextPageView.swift */ = {isa = PBXFileReference; lastKnownFileType = sourcecode.swift; path = NextPageView.swift; sourceTree = "<group>"; };
		37A626682B0BA0A900CFE922 /* MenuViewModel.swift */ = {isa = PBXFileReference; lastKnownFileType = sourcecode.swift; path = MenuViewModel.swift; sourceTree = "<group>"; };
		37CDCCEC2B0C9C26006BF559 /* CartView.swift */ = {isa = PBXFileReference; lastKnownFileType = sourcecode.swift; path = CartView.swift; sourceTree = "<group>"; };
		37F5FE982B08C8B1001D6F48 /* Day8_SwiftUI.app */ = {isa = PBXFileReference; explicitFileType = wrapper.application; includeInIndex = 0; path = Day8_SwiftUI.app; sourceTree = BUILT_PRODUCTS_DIR; };
		37F5FE9B2B08C8B1001D6F48 /* Day8_SwiftUIApp.swift */ = {isa = PBXFileReference; lastKnownFileType = sourcecode.swift; path = Day8_SwiftUIApp.swift; sourceTree = "<group>"; };
		37F5FE9D2B08C8B1001D6F48 /* ContentView.swift */ = {isa = PBXFileReference; lastKnownFileType = sourcecode.swift; path = ContentView.swift; sourceTree = "<group>"; };
		37F5FE9F2B08C8B6001D6F48 /* Assets.xcassets */ = {isa = PBXFileReference; lastKnownFileType = folder.assetcatalog; path = Assets.xcassets; sourceTree = "<group>"; };
		37F5FEA22B08C8B6001D6F48 /* Preview Assets.xcassets */ = {isa = PBXFileReference; lastKnownFileType = folder.assetcatalog; path = "Preview Assets.xcassets"; sourceTree = "<group>"; };
		37F5FEAB2B090ED0001D6F48 /* Model.swift */ = {isa = PBXFileReference; lastKnownFileType = sourcecode.swift; path = Model.swift; sourceTree = "<group>"; };
/* End PBXFileReference section */

/* Begin PBXFrameworksBuildPhase section */
		37F5FE952B08C8B1001D6F48 /* Frameworks */ = {
			isa = PBXFrameworksBuildPhase;
			buildActionMask = 2147483647;
			files = (
				37A626702B0BA2FB00CFE922 /* RxRelay in Frameworks */,
				37A6266E2B0BA2FB00CFE922 /* RxCocoa in Frameworks */,
				37A626722B0BA2FB00CFE922 /* RxSwift in Frameworks */,
				37A6266C2B0BA2FB00CFE922 /* RxBlocking in Frameworks */,
			);
			runOnlyForDeploymentPostprocessing = 0;
		};
/* End PBXFrameworksBuildPhase section */

/* Begin PBXGroup section */
		37CDCCEB2B0C49D9006BF559 /* Views */ = {
			isa = PBXGroup;
			children = (
				376D3F982B0D04A400708902 /* NextPageView.swift */,
			);
			path = Views;
			sourceTree = "<group>";
		};
		37F5FE8F2B08C8B1001D6F48 = {
			isa = PBXGroup;
			children = (
				37CDCCEC2B0C9C26006BF559 /* CartView.swift */,
				37F5FE9A2B08C8B1001D6F48 /* Day8_SwiftUI */,
				37F5FE992B08C8B1001D6F48 /* Products */,
			);
			sourceTree = "<group>";
		};
		37F5FE992B08C8B1001D6F48 /* Products */ = {
			isa = PBXGroup;
			children = (
				37F5FE982B08C8B1001D6F48 /* Day8_SwiftUI.app */,
			);
			name = Products;
			sourceTree = "<group>";
		};
		37F5FE9A2B08C8B1001D6F48 /* Day8_SwiftUI */ = {
			isa = PBXGroup;
			children = (
				37CDCCEB2B0C49D9006BF559 /* Views */,
				37F5FE9B2B08C8B1001D6F48 /* Day8_SwiftUIApp.swift */,
				37F5FE9D2B08C8B1001D6F48 /* ContentView.swift */,
				37F5FE9F2B08C8B6001D6F48 /* Assets.xcassets */,
				37F5FEA12B08C8B6001D6F48 /* Preview Content */,
				37F5FEAB2B090ED0001D6F48 /* Model.swift */,
				37A626682B0BA0A900CFE922 /* MenuViewModel.swift */,
			);
			path = Day8_SwiftUI;
			sourceTree = "<group>";
		};
		37F5FEA12B08C8B6001D6F48 /* Preview Content */ = {
			isa = PBXGroup;
			children = (
				37F5FEA22B08C8B6001D6F48 /* Preview Assets.xcassets */,
			);
			path = "Preview Content";
			sourceTree = "<group>";
		};
/* End PBXGroup section */

/* Begin PBXNativeTarget section */
		37F5FE972B08C8B1001D6F48 /* Day8_SwiftUI */ = {
			isa = PBXNativeTarget;
			buildConfigurationList = 37F5FEA62B08C8B6001D6F48 /* Build configuration list for PBXNativeTarget "Day8_SwiftUI" */;
			buildPhases = (
				37F5FE942B08C8B1001D6F48 /* Sources */,
				37F5FE952B08C8B1001D6F48 /* Frameworks */,
				37F5FE962B08C8B1001D6F48 /* Resources */,
			);
			buildRules = (
			);
			dependencies = (
			);
			name = Day8_SwiftUI;
			packageProductDependencies = (
				37A6266B2B0BA2FB00CFE922 /* RxBlocking */,
				37A6266D2B0BA2FB00CFE922 /* RxCocoa */,
				37A6266F2B0BA2FB00CFE922 /* RxRelay */,
				37A626712B0BA2FB00CFE922 /* RxSwift */,
			);
			productName = Day8_SwiftUI;
			productReference = 37F5FE982B08C8B1001D6F48 /* Day8_SwiftUI.app */;
			productType = "com.apple.product-type.application";
		};
/* End PBXNativeTarget section */

/* Begin PBXProject section */
		37F5FE902B08C8B1001D6F48 /* Project object */ = {
			isa = PBXProject;
			attributes = {
				BuildIndependentTargetsInParallel = 1;
				LastSwiftUpdateCheck = 1500;
				LastUpgradeCheck = 1500;
				TargetAttributes = {
					37F5FE972B08C8B1001D6F48 = {
						CreatedOnToolsVersion = 15.0.1;
					};
				};
			};
			buildConfigurationList = 37F5FE932B08C8B1001D6F48 /* Build configuration list for PBXProject "Day8_SwiftUI" */;
			compatibilityVersion = "Xcode 14.0";
			developmentRegion = en;
			hasScannedForEncodings = 0;
			knownRegions = (
				en,
				Base,
			);
			mainGroup = 37F5FE8F2B08C8B1001D6F48;
			packageReferences = (
				37A6266A2B0BA2FB00CFE922 /* XCRemoteSwiftPackageReference "RxSwift" */,
			);
			productRefGroup = 37F5FE992B08C8B1001D6F48 /* Products */;
			projectDirPath = "";
			projectRoot = "";
			targets = (
				37F5FE972B08C8B1001D6F48 /* Day8_SwiftUI */,
			);
		};
/* End PBXProject section */

/* Begin PBXResourcesBuildPhase section */
		37F5FE962B08C8B1001D6F48 /* Resources */ = {
			isa = PBXResourcesBuildPhase;
			buildActionMask = 2147483647;
			files = (
				37F5FEA32B08C8B6001D6F48 /* Preview Assets.xcassets in Resources */,
				37F5FEA02B08C8B6001D6F48 /* Assets.xcassets in Resources */,
			);
			runOnlyForDeploymentPostprocessing = 0;
		};
/* End PBXResourcesBuildPhase section */

/* Begin PBXSourcesBuildPhase section */
		37F5FE942B08C8B1001D6F48 /* Sources */ = {
			isa = PBXSourcesBuildPhase;
			buildActionMask = 2147483647;
			files = (
				37CDCCED2B0C9C26006BF559 /* CartView.swift in Sources */,
				37F5FE9E2B08C8B1001D6F48 /* ContentView.swift in Sources */,
				376D3F992B0D04A400708902 /* NextPageView.swift in Sources */,
				37F5FE9C2B08C8B1001D6F48 /* Day8_SwiftUIApp.swift in Sources */,
				37A626692B0BA0A900CFE922 /* MenuViewModel.swift in Sources */,
				37F5FEAC2B090ED0001D6F48 /* Model.swift in Sources */,
			);
			runOnlyForDeploymentPostprocessing = 0;
		};
/* End PBXSourcesBuildPhase section */

/* Begin XCBuildConfiguration section */
		37F5FEA42B08C8B6001D6F48 /* Debug */ = {
			isa = XCBuildConfiguration;
			buildSettings = {
				ALWAYS_SEARCH_USER_PATHS = NO;
				ASSETCATALOG_COMPILER_GENERATE_SWIFT_ASSET_SYMBOL_EXTENSIONS = YES;
				CLANG_ANALYZER_NONNULL = YES;
				CLANG_ANALYZER_NUMBER_OBJECT_CONVERSION = YES_AGGRESSIVE;
				CLANG_CXX_LANGUAGE_STANDARD = "gnu++20";
				CLANG_ENABLE_MODULES = YES;
				CLANG_ENABLE_OBJC_ARC = YES;
				CLANG_ENABLE_OBJC_WEAK = YES;
				CLANG_WARN_BLOCK_CAPTURE_AUTORELEASING = YES;
				CLANG_WARN_BOOL_CONVERSION = YES;
				CLANG_WARN_COMMA = YES;
				CLANG_WARN_CONSTANT_CONVERSION = YES;
				CLANG_WARN_DEPRECATED_OBJC_IMPLEMENTATIONS = YES;
				CLANG_WARN_DIRECT_OBJC_ISA_USAGE = YES_ERROR;
				CLANG_WARN_DOCUMENTATION_COMMENTS = YES;
				CLANG_WARN_EMPTY_BODY = YES;
				CLANG_WARN_ENUM_CONVERSION = YES;
				CLANG_WARN_INFINITE_RECURSION = YES;
				CLANG_WARN_INT_CONVERSION = YES;
				CLANG_WARN_NON_LITERAL_NULL_CONVERSION = YES;
				CLANG_WARN_OBJC_IMPLICIT_RETAIN_SELF = YES;
				CLANG_WARN_OBJC_LITERAL_CONVERSION = YES;
				CLANG_WARN_OBJC_ROOT_CLASS = YES_ERROR;
				CLANG_WARN_QUOTED_INCLUDE_IN_FRAMEWORK_HEADER = YES;
				CLANG_WARN_RANGE_LOOP_ANALYSIS = YES;
				CLANG_WARN_STRICT_PROTOTYPES = YES;
				CLANG_WARN_SUSPICIOUS_MOVE = YES;
				CLANG_WARN_UNGUARDED_AVAILABILITY = YES_AGGRESSIVE;
				CLANG_WARN_UNREACHABLE_CODE = YES;
				CLANG_WARN__DUPLICATE_METHOD_MATCH = YES;
				COPY_PHASE_STRIP = NO;
				DEBUG_INFORMATION_FORMAT = dwarf;
				ENABLE_STRICT_OBJC_MSGSEND = YES;
				ENABLE_TESTABILITY = YES;
				ENABLE_USER_SCRIPT_SANDBOXING = YES;
				GCC_C_LANGUAGE_STANDARD = gnu17;
				GCC_DYNAMIC_NO_PIC = NO;
				GCC_NO_COMMON_BLOCKS = YES;
				GCC_OPTIMIZATION_LEVEL = 0;
				GCC_PREPROCESSOR_DEFINITIONS = (
					"DEBUG=1",
					"$(inherited)",
				);
				GCC_WARN_64_TO_32_BIT_CONVERSION = YES;
				GCC_WARN_ABOUT_RETURN_TYPE = YES_ERROR;
				GCC_WARN_UNDECLARED_SELECTOR = YES;
				GCC_WARN_UNINITIALIZED_AUTOS = YES_AGGRESSIVE;
				GCC_WARN_UNUSED_FUNCTION = YES;
				GCC_WARN_UNUSED_VARIABLE = YES;
				IPHONEOS_DEPLOYMENT_TARGET = 17.0;
				LOCALIZATION_PREFERS_STRING_CATALOGS = YES;
				MTL_ENABLE_DEBUG_INFO = INCLUDE_SOURCE;
				MTL_FAST_MATH = YES;
				ONLY_ACTIVE_ARCH = YES;
				SDKROOT = iphoneos;
				SWIFT_ACTIVE_COMPILATION_CONDITIONS = "DEBUG $(inherited)";
				SWIFT_OPTIMIZATION_LEVEL = "-Onone";
			};
			name = Debug;
		};
		37F5FEA52B08C8B6001D6F48 /* Release */ = {
			isa = XCBuildConfiguration;
			buildSettings = {
				ALWAYS_SEARCH_USER_PATHS = NO;
				ASSETCATALOG_COMPILER_GENERATE_SWIFT_ASSET_SYMBOL_EXTENSIONS = YES;
				CLANG_ANALYZER_NONNULL = YES;
				CLANG_ANALYZER_NUMBER_OBJECT_CONVERSION = YES_AGGRESSIVE;
				CLANG_CXX_LANGUAGE_STANDARD = "gnu++20";
				CLANG_ENABLE_MODULES = YES;
				CLANG_ENABLE_OBJC_ARC = YES;
				CLANG_ENABLE_OBJC_WEAK = YES;
				CLANG_WARN_BLOCK_CAPTURE_AUTORELEASING = YES;
				CLANG_WARN_BOOL_CONVERSION = YES;
				CLANG_WARN_COMMA = YES;
				CLANG_WARN_CONSTANT_CONVERSION = YES;
				CLANG_WARN_DEPRECATED_OBJC_IMPLEMENTATIONS = YES;
				CLANG_WARN_DIRECT_OBJC_ISA_USAGE = YES_ERROR;
				CLANG_WARN_DOCUMENTATION_COMMENTS = YES;
				CLANG_WARN_EMPTY_BODY = YES;
				CLANG_WARN_ENUM_CONVERSION = YES;
				CLANG_WARN_INFINITE_RECURSION = YES;
				CLANG_WARN_INT_CONVERSION = YES;
				CLANG_WARN_NON_LITERAL_NULL_CONVERSION = YES;
				CLANG_WARN_OBJC_IMPLICIT_RETAIN_SELF = YES;
				CLANG_WARN_OBJC_LITERAL_CONVERSION = YES;
				CLANG_WARN_OBJC_ROOT_CLASS = YES_ERROR;
				CLANG_WARN_QUOTED_INCLUDE_IN_FRAMEWORK_HEADER = YES;
				CLANG_WARN_RANGE_LOOP_ANALYSIS = YES;
				CLANG_WARN_STRICT_PROTOTYPES = YES;
				CLANG_WARN_SUSPICIOUS_MOVE = YES;
				CLANG_WARN_UNGUARDED_AVAILABILITY = YES_AGGRESSIVE;
				CLANG_WARN_UNREACHABLE_CODE = YES;
				CLANG_WARN__DUPLICATE_METHOD_MATCH = YES;
				COPY_PHASE_STRIP = NO;
				DEBUG_INFORMATION_FORMAT = "dwarf-with-dsym";
				ENABLE_NS_ASSERTIONS = NO;
				ENABLE_STRICT_OBJC_MSGSEND = YES;
				ENABLE_USER_SCRIPT_SANDBOXING = YES;
				GCC_C_LANGUAGE_STANDARD = gnu17;
				GCC_NO_COMMON_BLOCKS = YES;
				GCC_WARN_64_TO_32_BIT_CONVERSION = YES;
				GCC_WARN_ABOUT_RETURN_TYPE = YES_ERROR;
				GCC_WARN_UNDECLARED_SELECTOR = YES;
				GCC_WARN_UNINITIALIZED_AUTOS = YES_AGGRESSIVE;
				GCC_WARN_UNUSED_FUNCTION = YES;
				GCC_WARN_UNUSED_VARIABLE = YES;
				IPHONEOS_DEPLOYMENT_TARGET = 17.0;
				LOCALIZATION_PREFERS_STRING_CATALOGS = YES;
				MTL_ENABLE_DEBUG_INFO = NO;
				MTL_FAST_MATH = YES;
				SDKROOT = iphoneos;
				SWIFT_COMPILATION_MODE = wholemodule;
				VALIDATE_PRODUCT = YES;
			};
			name = Release;
		};
		37F5FEA72B08C8B6001D6F48 /* Debug */ = {
			isa = XCBuildConfiguration;
			buildSettings = {
				ASSETCATALOG_COMPILER_APPICON_NAME = AppIcon;
				ASSETCATALOG_COMPILER_GLOBAL_ACCENT_COLOR_NAME = AccentColor;
				CODE_SIGN_STYLE = Automatic;
				CURRENT_PROJECT_VERSION = 1;
				DEVELOPMENT_ASSET_PATHS = "\"Day8_SwiftUI/Preview Content\"";
				DEVELOPMENT_TEAM = FQ9852Z3LX;
				ENABLE_PREVIEWS = YES;
				GENERATE_INFOPLIST_FILE = YES;
				INFOPLIST_KEY_UIApplicationSceneManifest_Generation = YES;
				INFOPLIST_KEY_UIApplicationSupportsIndirectInputEvents = YES;
				INFOPLIST_KEY_UILaunchScreen_Generation = YES;
				INFOPLIST_KEY_UISupportedInterfaceOrientations_iPad = "UIInterfaceOrientationPortrait UIInterfaceOrientationPortraitUpsideDown UIInterfaceOrientationLandscapeLeft UIInterfaceOrientationLandscapeRight";
				INFOPLIST_KEY_UISupportedInterfaceOrientations_iPhone = "UIInterfaceOrientationPortrait UIInterfaceOrientationLandscapeLeft UIInterfaceOrientationLandscapeRight";
				LD_RUNPATH_SEARCH_PATHS = (
					"$(inherited)",
					"@executable_path/Frameworks",
				);
				MARKETING_VERSION = 1.0;
				PRODUCT_BUNDLE_IDENTIFIER = "dami.Day8-SwiftUI";
				PRODUCT_NAME = "$(TARGET_NAME)";
				SWIFT_EMIT_LOC_STRINGS = YES;
				SWIFT_VERSION = 5.0;
				TARGETED_DEVICE_FAMILY = "1,2";
			};
			name = Debug;
		};
		37F5FEA82B08C8B6001D6F48 /* Release */ = {
			isa = XCBuildConfiguration;
			buildSettings = {
				ASSETCATALOG_COMPILER_APPICON_NAME = AppIcon;
				ASSETCATALOG_COMPILER_GLOBAL_ACCENT_COLOR_NAME = AccentColor;
				CODE_SIGN_STYLE = Automatic;
				CURRENT_PROJECT_VERSION = 1;
				DEVELOPMENT_ASSET_PATHS = "\"Day8_SwiftUI/Preview Content\"";
				DEVELOPMENT_TEAM = FQ9852Z3LX;
				ENABLE_PREVIEWS = YES;
				GENERATE_INFOPLIST_FILE = YES;
				INFOPLIST_KEY_UIApplicationSceneManifest_Generation = YES;
				INFOPLIST_KEY_UIApplicationSupportsIndirectInputEvents = YES;
				INFOPLIST_KEY_UILaunchScreen_Generation = YES;
				INFOPLIST_KEY_UISupportedInterfaceOrientations_iPad = "UIInterfaceOrientationPortrait UIInterfaceOrientationPortraitUpsideDown UIInterfaceOrientationLandscapeLeft UIInterfaceOrientationLandscapeRight";
				INFOPLIST_KEY_UISupportedInterfaceOrientations_iPhone = "UIInterfaceOrientationPortrait UIInterfaceOrientationLandscapeLeft UIInterfaceOrientationLandscapeRight";
				LD_RUNPATH_SEARCH_PATHS = (
					"$(inherited)",
					"@executable_path/Frameworks",
				);
				MARKETING_VERSION = 1.0;
				PRODUCT_BUNDLE_IDENTIFIER = "dami.Day8-SwiftUI";
				PRODUCT_NAME = "$(TARGET_NAME)";
				SWIFT_EMIT_LOC_STRINGS = YES;
				SWIFT_VERSION = 5.0;
				TARGETED_DEVICE_FAMILY = "1,2";
			};
			name = Release;
		};
/* End XCBuildConfiguration section */

/* Begin XCConfigurationList section */
		37F5FE932B08C8B1001D6F48 /* Build configuration list for PBXProject "Day8_SwiftUI" */ = {
			isa = XCConfigurationList;
			buildConfigurations = (
				37F5FEA42B08C8B6001D6F48 /* Debug */,
				37F5FEA52B08C8B6001D6F48 /* Release */,
			);
			defaultConfigurationIsVisible = 0;
			defaultConfigurationName = Release;
		};
		37F5FEA62B08C8B6001D6F48 /* Build configuration list for PBXNativeTarget "Day8_SwiftUI" */ = {
			isa = XCConfigurationList;
			buildConfigurations = (
				37F5FEA72B08C8B6001D6F48 /* Debug */,
				37F5FEA82B08C8B6001D6F48 /* Release */,
			);
			defaultConfigurationIsVisible = 0;
			defaultConfigurationName = Release;
		};
/* End XCConfigurationList section */

/* Begin XCRemoteSwiftPackageReference section */
		37A6266A2B0BA2FB00CFE922 /* XCRemoteSwiftPackageReference "RxSwift" */ = {
			isa = XCRemoteSwiftPackageReference;
			repositoryURL = "https://github.com/ReactiveX/RxSwift.git";
			requirement = {
				kind = upToNextMajorVersion;
				minimumVersion = 6.6.0;
			};
		};
/* End XCRemoteSwiftPackageReference section */

/* Begin XCSwiftPackageProductDependency section */
		37A6266B2B0BA2FB00CFE922 /* RxBlocking */ = {
			isa = XCSwiftPackageProductDependency;
			package = 37A6266A2B0BA2FB00CFE922 /* XCRemoteSwiftPackageReference "RxSwift" */;
			productName = RxBlocking;
		};
		37A6266D2B0BA2FB00CFE922 /* RxCocoa */ = {
			isa = XCSwiftPackageProductDependency;
			package = 37A6266A2B0BA2FB00CFE922 /* XCRemoteSwiftPackageReference "RxSwift" */;
			productName = RxCocoa;
		};
		37A6266F2B0BA2FB00CFE922 /* RxRelay */ = {
			isa = XCSwiftPackageProductDependency;
			package = 37A6266A2B0BA2FB00CFE922 /* XCRemoteSwiftPackageReference "RxSwift" */;
			productName = RxRelay;
		};
		37A626712B0BA2FB00CFE922 /* RxSwift */ = {
			isa = XCSwiftPackageProductDependency;
			package = 37A6266A2B0BA2FB00CFE922 /* XCRemoteSwiftPackageReference "RxSwift" */;
			productName = RxSwift;
		};
/* End XCSwiftPackageProductDependency section */
	};
	rootObject = 37F5FE902B08C8B1001D6F48 /* Project object */;
}
